{
  "originHash" : "8ad8c51a6e2dc35fa9a7ac6fde5e126266502015ea5730a2c5b981c6a0fef641",
  "pins" : [
    {
      "identity" : "fluidaudio",
      "kind" : "remoteSourceControl",
      "location" : "https://github.com/FluidInference/FluidAudio.git",
      "state" : {
        "revision" : "a6a0e2cb054d77c2bd6defef692fae3ebfb55437",
        "version" : "0.7.9"
      }
    }
  ],
  "version" : 3
}
